
Microsoft Visual Studio Solution File, Format Version 12.00
# Visual Studio Version 17
VisualStudioVersion = 17.1.31903.286
MinimumVisualStudioVersion = 10.0.40219.1
Project("{9A19103F-16F7-4668-BE54-9A1E7A4F7556}") = "compression", "configuration\compression\compression.csproj", "{BA8E902A-2BB6-406E-B1F1-270DDF8C9354}"
EndProject
Project("{2150E333-8FDC-42A3-9474-1A3956D46DE8}") = "configuration", "configuration", "{11475983-40CC-447D-B073-42C05BEB6AE8}"
EndProject
Project("{2150E333-8FDC-42A3-9474-1A3956D46DE8}") = "data access", "data access", "{03D9D284-6425-4B1F-8349-3E9DF12E016B}"
EndProject
Project("{2150E333-8FDC-42A3-9474-1A3956D46DE8}") = "error handling", "error handling", "{9CEB409B-58FF-4621-A2CF-E72893F4C444}"
EndProject
Project("{2150E333-8FDC-42A3-9474-1A3956D46DE8}") = "security", "security", "{C6FC5D17-A67E-467E-84F5-EDCCFDFA5E57}"
EndProject
Project("{2150E333-8FDC-42A3-9474-1A3956D46DE8}") = "ui", "ui", "{B04E0B66-F739-4713-BB73-95B619BCB8A8}"
EndProject
Project("{9A19103F-16F7-4668-BE54-9A1E7A4F7556}") = "basic-repository", "data-access\basic-repository\basic-repository.csproj", "{EF172AA3-EA50-4EAE-97D1-BE8992DC78B0}"
EndProject
Project("{9A19103F-16F7-4668-BE54-9A1E7A4F7556}") = "data-access-tests", "data-access-tests\data-access-tests.csproj", "{7E227B21-28F4-407A-AF1B-0F3D01BE4FF8}"
EndProject
Project("{2150E333-8FDC-42A3-9474-1A3956D46DE8}") = "windows", "windows", "{DD09C535-E083-4B9F-80AC-C858EAE786F6}"
EndProject
Project("{2150E333-8FDC-42A3-9474-1A3956D46DE8}") = "mvc with vue", "mvc with vue", "{FEED6FE9-A076-4FBF-BBE8-54C51CC9F0E0}"
EndProject
Project("{2150E333-8FDC-42A3-9474-1A3956D46DE8}") = "mvc with blazor server", "mvc with blazor server", "{1ED65FD6-6F3E-44D1-8AAB-CF1A4CCDD00D}"
EndProject
Project("{2150E333-8FDC-42A3-9474-1A3956D46DE8}") = "long running web and api", "long running web and api", "{2EC75A74-DF07-4B3D-8CEF-ECF1A32AECD6}"
EndProject
Project("{2150E333-8FDC-42A3-9474-1A3956D46DE8}") = ".solution files", ".solution files", "{68A4E9C1-571F-4570-B79A-6DA3DB1C795C}"
EndProject
Project("{9A19103F-16F7-4668-BE54-9A1E7A4F7556}") = "errorhandling.web", "error-handling\errorhandling.web\errorhandling.web.csproj", "{E49CACF8-331A-4B27-A3FC-A3BA8EF31CDA}"
EndProject
Project("{9A19103F-16F7-4668-BE54-9A1E7A4F7556}") = "LongRunning.Web", "long-running\LongRunning.Web\LongRunning.Web.csproj", "{81E03435-D732-4E97-9D74-FA8B7EAE334D}"
EndProject
Project("{9A19103F-16F7-4668-BE54-9A1E7A4F7556}") = "LongRunning.WebApi", "long-running\LongRunning.WebApi\LongRunning.WebApi.csproj", "{3951C9B8-D000-40A3-836B-8BC154AA6C53}"
EndProject
Project("{9A19103F-16F7-4668-BE54-9A1E7A4F7556}") = "win.auth.web", "security\win.auth.web\win.auth.web.csproj", "{15E84F3A-6832-4B39-97C2-B3EC6F2D50B4}"
EndProject
Project("{9A19103F-16F7-4668-BE54-9A1E7A4F7556}") = "win.auth.webapi", "security\win.auth.webapi\win.auth.webapi.csproj", "{02905047-8E1D-4B93-AF51-2951FA887AF8}"
EndProject
Project("{2150E333-8FDC-42A3-9474-1A3956D46DE8}") = "mvc with ts and dependency injection", "mvc with ts and dependency injection", "{81D630FE-5028-404E-9A90-8930B0877DFF}"
EndProject
Project("{FAE04EC0-301F-11D3-BF4B-00C04F79EFBC}") = "mvc.ts.di", "mvc.ts.di\mvc.ts.di.csproj", "{207765DD-3DB0-4026-81CE-1F2ACB587FF8}"
EndProject
Project("{9A19103F-16F7-4668-BE54-9A1E7A4F7556}") = "mvc.vue", "ui\mvc.petit-vue\mvc.vue.csproj", "{192A1BD8-82F7-4599-A570-5389C02860F3}"
EndProject
Global
	GlobalSection(SolutionConfigurationPlatforms) = preSolution
		Debug|Any CPU = Debug|Any CPU
		Release|Any CPU = Release|Any CPU
	EndGlobalSection
	GlobalSection(ProjectConfigurationPlatforms) = postSolution
		{BA8E902A-2BB6-406E-B1F1-270DDF8C9354}.Debug|Any CPU.ActiveCfg = Debug|Any CPU
		{BA8E902A-2BB6-406E-B1F1-270DDF8C9354}.Debug|Any CPU.Build.0 = Debug|Any CPU
		{BA8E902A-2BB6-406E-B1F1-270DDF8C9354}.Release|Any CPU.ActiveCfg = Release|Any CPU
		{BA8E902A-2BB6-406E-B1F1-270DDF8C9354}.Release|Any CPU.Build.0 = Release|Any CPU
		{EF172AA3-EA50-4EAE-97D1-BE8992DC78B0}.Debug|Any CPU.ActiveCfg = Debug|Any CPU
		{EF172AA3-EA50-4EAE-97D1-BE8992DC78B0}.Debug|Any CPU.Build.0 = Debug|Any CPU
		{EF172AA3-EA50-4EAE-97D1-BE8992DC78B0}.Release|Any CPU.ActiveCfg = Release|Any CPU
		{EF172AA3-EA50-4EAE-97D1-BE8992DC78B0}.Release|Any CPU.Build.0 = Release|Any CPU
		{7E227B21-28F4-407A-AF1B-0F3D01BE4FF8}.Debug|Any CPU.ActiveCfg = Debug|Any CPU
		{7E227B21-28F4-407A-AF1B-0F3D01BE4FF8}.Debug|Any CPU.Build.0 = Debug|Any CPU
		{7E227B21-28F4-407A-AF1B-0F3D01BE4FF8}.Release|Any CPU.ActiveCfg = Release|Any CPU
		{7E227B21-28F4-407A-AF1B-0F3D01BE4FF8}.Release|Any CPU.Build.0 = Release|Any CPU
		{E49CACF8-331A-4B27-A3FC-A3BA8EF31CDA}.Debug|Any CPU.ActiveCfg = Debug|Any CPU
		{E49CACF8-331A-4B27-A3FC-A3BA8EF31CDA}.Debug|Any CPU.Build.0 = Debug|Any CPU
		{E49CACF8-331A-4B27-A3FC-A3BA8EF31CDA}.Release|Any CPU.ActiveCfg = Release|Any CPU
		{E49CACF8-331A-4B27-A3FC-A3BA8EF31CDA}.Release|Any CPU.Build.0 = Release|Any CPU
		{81E03435-D732-4E97-9D74-FA8B7EAE334D}.Debug|Any CPU.ActiveCfg = Debug|Any CPU
		{81E03435-D732-4E97-9D74-FA8B7EAE334D}.Debug|Any CPU.Build.0 = Debug|Any CPU
		{81E03435-D732-4E97-9D74-FA8B7EAE334D}.Release|Any CPU.ActiveCfg = Release|Any CPU
		{81E03435-D732-4E97-9D74-FA8B7EAE334D}.Release|Any CPU.Build.0 = Release|Any CPU
		{3951C9B8-D000-40A3-836B-8BC154AA6C53}.Debug|Any CPU.ActiveCfg = Debug|Any CPU
		{3951C9B8-D000-40A3-836B-8BC154AA6C53}.Debug|Any CPU.Build.0 = Debug|Any CPU
		{3951C9B8-D000-40A3-836B-8BC154AA6C53}.Release|Any CPU.ActiveCfg = Release|Any CPU
		{3951C9B8-D000-40A3-836B-8BC154AA6C53}.Release|Any CPU.Build.0 = Release|Any CPU
		{15E84F3A-6832-4B39-97C2-B3EC6F2D50B4}.Debug|Any CPU.ActiveCfg = Debug|Any CPU
		{15E84F3A-6832-4B39-97C2-B3EC6F2D50B4}.Debug|Any CPU.Build.0 = Debug|Any CPU
		{15E84F3A-6832-4B39-97C2-B3EC6F2D50B4}.Release|Any CPU.ActiveCfg = Release|Any CPU
		{15E84F3A-6832-4B39-97C2-B3EC6F2D50B4}.Release|Any CPU.Build.0 = Release|Any CPU
		{02905047-8E1D-4B93-AF51-2951FA887AF8}.Debug|Any CPU.ActiveCfg = Debug|Any CPU
		{02905047-8E1D-4B93-AF51-2951FA887AF8}.Debug|Any CPU.Build.0 = Debug|Any CPU
		{02905047-8E1D-4B93-AF51-2951FA887AF8}.Release|Any CPU.ActiveCfg = Release|Any CPU
		{02905047-8E1D-4B93-AF51-2951FA887AF8}.Release|Any CPU.Build.0 = Release|Any CPU
		{207765DD-3DB0-4026-81CE-1F2ACB587FF8}.Debug|Any CPU.ActiveCfg = Debug|Any CPU
		{207765DD-3DB0-4026-81CE-1F2ACB587FF8}.Debug|Any CPU.Build.0 = Debug|Any CPU
		{207765DD-3DB0-4026-81CE-1F2ACB587FF8}.Release|Any CPU.ActiveCfg = Release|Any CPU
		{207765DD-3DB0-4026-81CE-1F2ACB587FF8}.Release|Any CPU.Build.0 = Release|Any CPU
		{192A1BD8-82F7-4599-A570-5389C02860F3}.Debug|Any CPU.ActiveCfg = Debug|Any CPU
		{192A1BD8-82F7-4599-A570-5389C02860F3}.Debug|Any CPU.Build.0 = Debug|Any CPU
		{192A1BD8-82F7-4599-A570-5389C02860F3}.Release|Any CPU.ActiveCfg = Release|Any CPU
		{192A1BD8-82F7-4599-A570-5389C02860F3}.Release|Any CPU.Build.0 = Release|Any CPU
	EndGlobalSection
	GlobalSection(SolutionProperties) = preSolution
		HideSolutionNode = FALSE
	EndGlobalSection
	GlobalSection(NestedProjects) = preSolution
		{BA8E902A-2BB6-406E-B1F1-270DDF8C9354} = {11475983-40CC-447D-B073-42C05BEB6AE8}
		{EF172AA3-EA50-4EAE-97D1-BE8992DC78B0} = {03D9D284-6425-4B1F-8349-3E9DF12E016B}
		{7E227B21-28F4-407A-AF1B-0F3D01BE4FF8} = {03D9D284-6425-4B1F-8349-3E9DF12E016B}
		{DD09C535-E083-4B9F-80AC-C858EAE786F6} = {C6FC5D17-A67E-467E-84F5-EDCCFDFA5E57}
		{FEED6FE9-A076-4FBF-BBE8-54C51CC9F0E0} = {B04E0B66-F739-4713-BB73-95B619BCB8A8}
		{1ED65FD6-6F3E-44D1-8AAB-CF1A4CCDD00D} = {B04E0B66-F739-4713-BB73-95B619BCB8A8}
		{E49CACF8-331A-4B27-A3FC-A3BA8EF31CDA} = {9CEB409B-58FF-4621-A2CF-E72893F4C444}
		{81E03435-D732-4E97-9D74-FA8B7EAE334D} = {2EC75A74-DF07-4B3D-8CEF-ECF1A32AECD6}
		{3951C9B8-D000-40A3-836B-8BC154AA6C53} = {2EC75A74-DF07-4B3D-8CEF-ECF1A32AECD6}
		{15E84F3A-6832-4B39-97C2-B3EC6F2D50B4} = {DD09C535-E083-4B9F-80AC-C858EAE786F6}
		{02905047-8E1D-4B93-AF51-2951FA887AF8} = {DD09C535-E083-4B9F-80AC-C858EAE786F6}
		{81D630FE-5028-404E-9A90-8930B0877DFF} = {B04E0B66-F739-4713-BB73-95B619BCB8A8}
		{207765DD-3DB0-4026-81CE-1F2ACB587FF8} = {81D630FE-5028-404E-9A90-8930B0877DFF}
		{192A1BD8-82F7-4599-A570-5389C02860F3} = {FEED6FE9-A076-4FBF-BBE8-54C51CC9F0E0}
	EndGlobalSection
	GlobalSection(ExtensibilityGlobals) = postSolution
		SolutionGuid = {1391EE5D-B515-4F58-BABB-640ADF7E6713}
	EndGlobalSection
EndGlobal
